// !$*UTF8*$!
{
	archiveVersion = 1;
	classes = {
	};
	objectVersion = 56;
	objects = {

/* Begin PBXBuildFile section */
		EBF4F4802BFC7B9F00210998 /* AppDelegate.swift in Sources */ = {isa = PBXBuildFile; fileRef = EBF4F47F2BFC7B9F00210998 /* AppDelegate.swift */; };
		EBF4F4842BFC7B9F00210998 /* ViewController.swift in Sources */ = {isa = PBXBuildFile; fileRef = EBF4F4832BFC7B9F00210998 /* ViewController.swift */; };
		EBF4F4872BFC7B9F00210998 /* Main.storyboard in Resources */ = {isa = PBXBuildFile; fileRef = EBF4F4852BFC7B9F00210998 /* Main.storyboard */; };
		EBF4F4892BFC7BA600210998 /* Assets.xcassets in Resources */ = {isa = PBXBuildFile; fileRef = EBF4F4882BFC7BA600210998 /* Assets.xcassets */; };
		EBF4F48C2BFC7BA600210998 /* LaunchScreen.storyboard in Resources */ = {isa = PBXBuildFile; fileRef = EBF4F48A2BFC7BA600210998 /* LaunchScreen.storyboard */; };
		EBF4F4962BFC7BC900210998 /* Resolver.m in Sources */ = {isa = PBXBuildFile; fileRef = EBF4F4952BFC7BC900210998 /* Resolver.m */; };
/* End PBXBuildFile section */

/* Begin PBXFileReference section */
		EBF4F47C2BFC7B9F00210998 /* NodeResolver-Demo.app */ = {isa = PBXFileReference; explicitFileType = wrapper.application; includeInIndex = 0; path = "NodeResolver-Demo.app"; sourceTree = BUILT_PRODUCTS_DIR; };
		EBF4F47F2BFC7B9F00210998 /* AppDelegate.swift */ = {isa = PBXFileReference; lastKnownFileType = sourcecode.swift; path = AppDelegate.swift; sourceTree = "<group>"; };
		EBF4F4832BFC7B9F00210998 /* ViewController.swift */ = {isa = PBXFileReference; lastKnownFileType = sourcecode.swift; path = ViewController.swift; sourceTree = "<group>"; };
		EBF4F4862BFC7B9F00210998 /* Base */ = {isa = PBXFileReference; lastKnownFileType = file.storyboard; name = Base; path = Base.lproj/Main.storyboard; sourceTree = "<group>"; };
		EBF4F4882BFC7BA600210998 /* Assets.xcassets */ = {isa = PBXFileReference; lastKnownFileType = folder.assetcatalog; path = Assets.xcassets; sourceTree = "<group>"; };
		EBF4F48B2BFC7BA600210998 /* Base */ = {isa = PBXFileReference; lastKnownFileType = file.storyboard; name = Base; path = Base.lproj/LaunchScreen.storyboard; sourceTree = "<group>"; };
		EBF4F48D2BFC7BA600210998 /* Info.plist */ = {isa = PBXFileReference; lastKnownFileType = text.plist.xml; path = Info.plist; sourceTree = "<group>"; };
		EBF4F4932BFC7BC900210998 /* NodeResolver-Demo-Bridging-Header.h */ = {isa = PBXFileReference; lastKnownFileType = sourcecode.c.h; path = "NodeResolver-Demo-Bridging-Header.h"; sourceTree = "<group>"; };
		EBF4F4942BFC7BC900210998 /* Resolver.h */ = {isa = PBXFileReference; lastKnownFileType = sourcecode.c.h; path = Resolver.h; sourceTree = "<group>"; };
		EBF4F4952BFC7BC900210998 /* Resolver.m */ = {isa = PBXFileReference; lastKnownFileType = sourcecode.c.objc; path = Resolver.m; sourceTree = "<group>"; };
/* End PBXFileReference section */

/* Begin PBXFrameworksBuildPhase section */
		EBF4F4792BFC7B9F00210998 /* Frameworks */ = {
			isa = PBXFrameworksBuildPhase;
			buildActionMask = 2147483647;
			files = (
			);
			runOnlyForDeploymentPostprocessing = 0;
		};
/* End PBXFrameworksBuildPhase section */

/* Begin PBXGroup section */
		EBF4F4732BFC7B9F00210998 = {
			isa = PBXGroup;
			children = (
				EBF4F47E2BFC7B9F00210998 /* NodeResolver-Demo */,
				EBF4F47D2BFC7B9F00210998 /* Products */,
				EBF4F4932BFC7BC900210998 /* NodeResolver-Demo-Bridging-Header.h */,
			);
			sourceTree = "<group>";
		};
		EBF4F47D2BFC7B9F00210998 /* Products */ = {
			isa = PBXGroup;
			children = (
				EBF4F47C2BFC7B9F00210998 /* NodeResolver-Demo.app */,
			);
			name = Products;
			sourceTree = "<group>";
		};
		EBF4F47E2BFC7B9F00210998 /* NodeResolver-Demo */ = {
			isa = PBXGroup;
			children = (
				EBF4F4942BFC7BC900210998 /* Resolver.h */,
				EBF4F4952BFC7BC900210998 /* Resolver.m */,
				EBF4F47F2BFC7B9F00210998 /* AppDelegate.swift */,
				EBF4F4832BFC7B9F00210998 /* ViewController.swift */,
				EBF4F4852BFC7B9F00210998 /* Main.storyboard */,
				EBF4F4882BFC7BA600210998 /* Assets.xcassets */,
				EBF4F48A2BFC7BA600210998 /* LaunchScreen.storyboard */,
				EBF4F48D2BFC7BA600210998 /* Info.plist */,
			);
			path = "NodeResolver-Demo";
			sourceTree = "<group>";
		};
/* End PBXGroup section */

/* Begin PBXNativeTarget section */
		EBF4F47B2BFC7B9F00210998 /* NodeResolver-Demo */ = {
			isa = PBXNativeTarget;
			buildConfigurationList = EBF4F4902BFC7BA600210998 /* Build configuration list for PBXNativeTarget "NodeResolver-Demo" */;
			buildPhases = (
				EBF4F4782BFC7B9F00210998 /* Sources */,
				EBF4F4792BFC7B9F00210998 /* Frameworks */,
				EBF4F47A2BFC7B9F00210998 /* Resources */,
			);
			buildRules = (
			);
			dependencies = (
			);
			name = "NodeResolver-Demo";
			productName = "NodeResolver-Demo";
			productReference = EBF4F47C2BFC7B9F00210998 /* NodeResolver-Demo.app */;
			productType = "com.apple.product-type.application";
		};
/* End PBXNativeTarget section */

/* Begin PBXProject section */
		EBF4F4742BFC7B9F00210998 /* Project object */ = {
			isa = PBXProject;
			attributes = {
				BuildIndependentTargetsInParallel = 1;
				LastSwiftUpdateCheck = 1500;
				LastUpgradeCheck = 1500;
				TargetAttributes = {
					EBF4F47B2BFC7B9F00210998 = {
						CreatedOnToolsVersion = 15.0.1;
						LastSwiftMigration = 1500;
					};
				};
			};
			buildConfigurationList = EBF4F4772BFC7B9F00210998 /* Build configuration list for PBXProject "NodeResolver-Demo" */;
			compatibilityVersion = "Xcode 14.0";
			developmentRegion = en;
			hasScannedForEncodings = 0;
			knownRegions = (
				en,
				Base,
			);
			mainGroup = EBF4F4732BFC7B9F00210998;
			productRefGroup = EBF4F47D2BFC7B9F00210998 /* Products */;
			projectDirPath = "";
			projectRoot = "";
			targets = (
				EBF4F47B2BFC7B9F00210998 /* NodeResolver-Demo */,
			);
		};
/* End PBXProject section */

/* Begin PBXResourcesBuildPhase section */
		EBF4F47A2BFC7B9F00210998 /* Resources */ = {
			isa = PBXResourcesBuildPhase;
			buildActionMask = 2147483647;
			files = (
				EBF4F48C2BFC7BA600210998 /* LaunchScreen.storyboard in Resources */,
				EBF4F4892BFC7BA600210998 /* Assets.xcassets in Resources */,
				EBF4F4872BFC7B9F00210998 /* Main.storyboard in Resources */,
			);
			runOnlyForDeploymentPostprocessing = 0;
		};
/* End PBXResourcesBuildPhase section */

/* Begin PBXSourcesBuildPhase section */
		EBF4F4782BFC7B9F00210998 /* Sources */ = {
			isa = PBXSourcesBuildPhase;
			buildActionMask = 2147483647;
			files = (
				EBF4F4842BFC7B9F00210998 /* ViewController.swift in Sources */,
				EBF4F4802BFC7B9F00210998 /* AppDelegate.swift in Sources */,
				EBF4F4962BFC7BC900210998 /* Resolver.m in Sources */,
			);
			runOnlyForDeploymentPostprocessing = 0;
		};
/* End PBXSourcesBuildPhase section */

/* Begin PBXVariantGroup section */
		EBF4F4852BFC7B9F00210998 /* Main.storyboard */ = {
			isa = PBXVariantGroup;
			children = (
				EBF4F4862BFC7B9F00210998 /* Base */,
			);
			name = Main.storyboard;
			sourceTree = "<group>";
		};
		EBF4F48A2BFC7BA600210998 /* LaunchScreen.storyboard */ = {
			isa = PBXVariantGroup;
			children = (
				EBF4F48B2BFC7BA600210998 /* Base */,
			);
			name = LaunchScreen.storyboard;
			sourceTree = "<group>";
		};
/* End PBXVariantGroup section */

/* Begin XCBuildConfiguration section */
		EBF4F48E2BFC7BA600210998 /* Debug */ = {
			isa = XCBuildConfiguration;
			buildSettings = {
				ALWAYS_SEARCH_USER_PATHS = NO;
				ASSETCATALOG_COMPILER_GENERATE_SWIFT_ASSET_SYMBOL_EXTENSIONS = YES;
				CLANG_ANALYZER_NONNULL = YES;
				CLANG_ANALYZER_NUMBER_OBJECT_CONVERSION = YES_AGGRESSIVE;
				CLANG_CXX_LANGUAGE_STANDARD = "gnu++20";
				CLANG_ENABLE_MODULES = YES;
				CLANG_ENABLE_OBJC_ARC = YES;
				CLANG_ENABLE_OBJC_WEAK = YES;
				CLANG_WARN_BLOCK_CAPTURE_AUTORELEASING = YES;
				CLANG_WARN_BOOL_CONVERSION = YES;
				CLANG_WARN_COMMA = YES;
				CLANG_WARN_CONSTANT_CONVERSION = YES;
				CLANG_WARN_DEPRECATED_OBJC_IMPLEMENTATIONS = YES;
				CLANG_WARN_DIRECT_OBJC_ISA_USAGE = YES_ERROR;
				CLANG_WARN_DOCUMENTATION_COMMENTS = YES;
				CLANG_WARN_EMPTY_BODY = YES;
				CLANG_WARN_ENUM_CONVERSION = YES;
				CLANG_WARN_INFINITE_RECURSION = YES;
				CLANG_WARN_INT_CONVERSION = YES;
				CLANG_WARN_NON_LITERAL_NULL_CONVERSION = YES;
				CLANG_WARN_OBJC_IMPLICIT_RETAIN_SELF = YES;
				CLANG_WARN_OBJC_LITERAL_CONVERSION = YES;
				CLANG_WARN_OBJC_ROOT_CLASS = YES_ERROR;
				CLANG_WARN_QUOTED_INCLUDE_IN_FRAMEWORK_HEADER = YES;
				CLANG_WARN_RANGE_LOOP_ANALYSIS = YES;
				CLANG_WARN_STRICT_PROTOTYPES = YES;
				CLANG_WARN_SUSPICIOUS_MOVE = YES;
				CLANG_WARN_UNGUARDED_AVAILABILITY = YES_AGGRESSIVE;
				CLANG_WARN_UNREACHABLE_CODE = YES;
				CLANG_WARN__DUPLICATE_METHOD_MATCH = YES;
				COPY_PHASE_STRIP = NO;
				DEBUG_INFORMATION_FORMAT = dwarf;
				ENABLE_STRICT_OBJC_MSGSEND = YES;
				ENABLE_TESTABILITY = YES;
				ENABLE_USER_SCRIPT_SANDBOXING = YES;
				GCC_C_LANGUAGE_STANDARD = gnu17;
				GCC_DYNAMIC_NO_PIC = NO;
				GCC_NO_COMMON_BLOCKS = YES;
				GCC_OPTIMIZATION_LEVEL = 0;
				GCC_PREPROCESSOR_DEFINITIONS = (
					"DEBUG=1",
					"$(inherited)",
				);
				GCC_WARN_64_TO_32_BIT_CONVERSION = YES;
				GCC_WARN_ABOUT_RETURN_TYPE = YES_ERROR;
				GCC_WARN_UNDECLARED_SELECTOR = YES;
				GCC_WARN_UNINITIALIZED_AUTOS = YES_AGGRESSIVE;
				GCC_WARN_UNUSED_FUNCTION = YES;
				GCC_WARN_UNUSED_VARIABLE = YES;
				IPHONEOS_DEPLOYMENT_TARGET = 15.0;
				LOCALIZATION_PREFERS_STRING_CATALOGS = YES;
				MTL_ENABLE_DEBUG_INFO = INCLUDE_SOURCE;
				MTL_FAST_MATH = YES;
				ONLY_ACTIVE_ARCH = YES;
				SDKROOT = iphoneos;
				SWIFT_ACTIVE_COMPILATION_CONDITIONS = "DEBUG $(inherited)";
				SWIFT_OPTIMIZATION_LEVEL = "-Onone";
			};
			name = Debug;
		};
		EBF4F48F2BFC7BA600210998 /* Release */ = {
			isa = XCBuildConfiguration;
			buildSettings = {
				ALWAYS_SEARCH_USER_PATHS = NO;
				ASSETCATALOG_COMPILER_GENERATE_SWIFT_ASSET_SYMBOL_EXTENSIONS = YES;
				CLANG_ANALYZER_NONNULL = YES;
				CLANG_ANALYZER_NUMBER_OBJECT_CONVERSION = YES_AGGRESSIVE;
				CLANG_CXX_LANGUAGE_STANDARD = "gnu++20";
				CLANG_ENABLE_MODULES = YES;
				CLANG_ENABLE_OBJC_ARC = YES;
				CLANG_ENABLE_OBJC_WEAK = YES;
				CLANG_WARN_BLOCK_CAPTURE_AUTORELEASING = YES;
				CLANG_WARN_BOOL_CONVERSION = YES;
				CLANG_WARN_COMMA = YES;
				CLANG_WARN_CONSTANT_CONVERSION = YES;
				CLANG_WARN_DEPRECATED_OBJC_IMPLEMENTATIONS = YES;
				CLANG_WARN_DIRECT_OBJC_ISA_USAGE = YES_ERROR;
				CLANG_WARN_DOCUMENTATION_COMMENTS = YES;
				CLANG_WARN_EMPTY_BODY = YES;
				CLANG_WARN_ENUM_CONVERSION = YES;
				CLANG_WARN_INFINITE_RECURSION = YES;
				CLANG_WARN_INT_CONVERSION = YES;
				CLANG_WARN_NON_LITERAL_NULL_CONVERSION = YES;
				CLANG_WARN_OBJC_IMPLICIT_RETAIN_SELF = YES;
				CLANG_WARN_OBJC_LITERAL_CONVERSION = YES;
				CLANG_WARN_OBJC_ROOT_CLASS = YES_ERROR;
				CLANG_WARN_QUOTED_INCLUDE_IN_FRAMEWORK_HEADER = YES;
				CLANG_WARN_RANGE_LOOP_ANALYSIS = YES;
				CLANG_WARN_STRICT_PROTOTYPES = YES;
				CLANG_WARN_SUSPICIOUS_MOVE = YES;
				CLANG_WARN_UNGUARDED_AVAILABILITY = YES_AGGRESSIVE;
				CLANG_WARN_UNREACHABLE_CODE = YES;
				CLANG_WARN__DUPLICATE_METHOD_MATCH = YES;
				COPY_PHASE_STRIP = NO;
				DEBUG_INFORMATION_FORMAT = "dwarf-with-dsym";
				ENABLE_NS_ASSERTIONS = NO;
				ENABLE_STRICT_OBJC_MSGSEND = YES;
				ENABLE_USER_SCRIPT_SANDBOXING = YES;
				GCC_C_LANGUAGE_STANDARD = gnu17;
				GCC_NO_COMMON_BLOCKS = YES;
				GCC_WARN_64_TO_32_BIT_CONVERSION = YES;
				GCC_WARN_ABOUT_RETURN_TYPE = YES_ERROR;
				GCC_WARN_UNDECLARED_SELECTOR = YES;
				GCC_WARN_UNINITIALIZED_AUTOS = YES_AGGRESSIVE;
				GCC_WARN_UNUSED_FUNCTION = YES;
				GCC_WARN_UNUSED_VARIABLE = YES;
				IPHONEOS_DEPLOYMENT_TARGET = 15.0;
				LOCALIZATION_PREFERS_STRING_CATALOGS = YES;
				MTL_ENABLE_DEBUG_INFO = NO;
				MTL_FAST_MATH = YES;
				SDKROOT = iphoneos;
				SWIFT_COMPILATION_MODE = wholemodule;
				VALIDATE_PRODUCT = YES;
			};
			name = Release;
		};
		EBF4F4912BFC7BA600210998 /* Debug */ = {
			isa = XCBuildConfiguration;
			buildSettings = {
				ASSETCATALOG_COMPILER_APPICON_NAME = AppIcon;
				ASSETCATALOG_COMPILER_GLOBAL_ACCENT_COLOR_NAME = AccentColor;
				CLANG_ENABLE_MODULES = YES;
				CODE_SIGN_STYLE = Automatic;
				CURRENT_PROJECT_VERSION = 1;
				DEVELOPMENT_TEAM = HEUN8RQNTQ;
				GENERATE_INFOPLIST_FILE = YES;
				INFOPLIST_FILE = "NodeResolver-Demo/Info.plist";
				INFOPLIST_KEY_UIApplicationSupportsIndirectInputEvents = YES;
				INFOPLIST_KEY_UILaunchStoryboardName = LaunchScreen;
				INFOPLIST_KEY_UISupportedInterfaceOrientations_iPad = "UIInterfaceOrientationPortrait UIInterfaceOrientationPortraitUpsideDown UIInterfaceOrientationLandscapeLeft UIInterfaceOrientationLandscapeRight";
				INFOPLIST_KEY_UISupportedInterfaceOrientations_iPhone = "UIInterfaceOrientationPortrait UIInterfaceOrientationLandscapeLeft UIInterfaceOrientationLandscapeRight";
				LD_RUNPATH_SEARCH_PATHS = (
					"$(inherited)",
					"@executable_path/Frameworks",
				);
				MARKETING_VERSION = 1.0;
				PRODUCT_BUNDLE_IDENTIFIER = "com.readboy.NodeResolver-Demo";
				PRODUCT_NAME = "$(TARGET_NAME)";
				SWIFT_EMIT_LOC_STRINGS = YES;
				SWIFT_OBJC_BRIDGING_HEADER = "NodeResolver-Demo-Bridging-Header.h";
				SWIFT_OPTIMIZATION_LEVEL = "-Onone";
				SWIFT_VERSION = 5.0;
				TARGETED_DEVICE_FAMILY = "1,2";
			};
			name = Debug;
		};
		EBF4F4922BFC7BA600210998 /* Release */ = {
			isa = XCBuildConfiguration;
			buildSettings = {
				ASSETCATALOG_COMPILER_APPICON_NAME = AppIcon;
				ASSETCATALOG_COMPILER_GLOBAL_ACCENT_COLOR_NAME = AccentColor;
				CLANG_ENABLE_MODULES = YES;
				CODE_SIGN_STYLE = Automatic;
				CURRENT_PROJECT_VERSION = 1;
				DEVELOPMENT_TEAM = HEUN8RQNTQ;
				GENERATE_INFOPLIST_FILE = YES;
				INFOPLIST_FILE = "NodeResolver-Demo/Info.plist";
				INFOPLIST_KEY_UIApplicationSupportsIndirectInputEvents = YES;
				INFOPLIST_KEY_UILaunchStoryboardName = LaunchScreen;
				INFOPLIST_KEY_UISupportedInterfaceOrientations_iPad = "UIInterfaceOrientationPortrait UIInterfaceOrientationPortraitUpsideDown UIInterfaceOrientationLandscapeLeft UIInterfaceOrientationLandscapeRight";
				INFOPLIST_KEY_UISupportedInterfaceOrientations_iPhone = "UIInterfaceOrientationPortrait UIInterfaceOrientationLandscapeLeft UIInterfaceOrientationLandscapeRight";
				LD_RUNPATH_SEARCH_PATHS = (
					"$(inherited)",
					"@executable_path/Frameworks",
				);
				MARKETING_VERSION = 1.0;
				PRODUCT_BUNDLE_IDENTIFIER = "com.readboy.NodeResolver-Demo";
				PRODUCT_NAME = "$(TARGET_NAME)";
				SWIFT_EMIT_LOC_STRINGS = YES;
				SWIFT_OBJC_BRIDGING_HEADER = "NodeResolver-Demo-Bridging-Header.h";
				SWIFT_VERSION = 5.0;
				TARGETED_DEVICE_FAMILY = "1,2";
			};
			name = Release;
		};
/* End XCBuildConfiguration section */

/* Begin XCConfigurationList section */
		EBF4F4772BFC7B9F00210998 /* Build configuration list for PBXProject "NodeResolver-Demo" */ = {
			isa = XCConfigurationList;
			buildConfigurations = (
				EBF4F48E2BFC7BA600210998 /* Debug */,
				EBF4F48F2BFC7BA600210998 /* Release */,
			);
			defaultConfigurationIsVisible = 0;
			defaultConfigurationName = Release;
		};
		EBF4F4902BFC7BA600210998 /* Build configuration list for PBXNativeTarget "NodeResolver-Demo" */ = {
			isa = XCConfigurationList;
			buildConfigurations = (
				EBF4F4912BFC7BA600210998 /* Debug */,
				EBF4F4922BFC7BA600210998 /* Release */,
			);
			defaultConfigurationIsVisible = 0;
			defaultConfigurationName = Release;
		};
/* End XCConfigurationList section */
	};
	rootObject = EBF4F4742BFC7B9F00210998 /* Project object */;
}
